
Microsoft Visual Studio Solution File, Format Version 12.00
Project("{2150E333-8FDC-42A3-9474-1A3956D46DE8}") = "src", "src", "{82789BC7-4D87-4161-9E0A-9108240722B0}"
EndProject
Project("{2150E333-8FDC-42A3-9474-1A3956D46DE8}") = "test", "test", "{5978ACAF-7987-432A-9C86-808DDAE4C03D}"
EndProject
Project("{FAE04EC0-301F-11D3-BF4B-00C04F79EFBC}") = "FlowMe", "src\FlowMe\FlowMe.csproj", "{63E846D8-3E0B-41C5-B5B3-C2232F845985}"
EndProject
Project("{FAE04EC0-301F-11D3-BF4B-00C04F79EFBC}") = "FlowMe.Tests", "test\FlowMe.Tests\FlowMe.Tests.csproj", "{EB7AE65D-2B0B-473B-84D7-809B4D2334F1}"
EndProject
Project("{FAE04EC0-301F-11D3-BF4B-00C04F79EFBC}") = "FlowMe.Analyze", "src\FlowMe.Analyze\FlowMe.Analyze.csproj", "{E00E56D1-E3EB-4338-9039-91C456E16310}"
EndProject
Project("{FAE04EC0-301F-11D3-BF4B-00C04F79EFBC}") = "FlowMe.Analyze.Tests", "test\FlowMe.Analyze.Tests\FlowMe.Analyze.Tests.csproj", "{4ADE8F70-ACD6-4996-AB63-75DFA54D5266}"
EndProject
Global
	GlobalSection(SolutionConfigurationPlatforms) = preSolution
		Debug|Any CPU = Debug|Any CPU
		Release|Any CPU = Release|Any CPU
	EndGlobalSection
	GlobalSection(NestedProjects) = preSolution
		{63E846D8-3E0B-41C5-B5B3-C2232F845985} = {82789BC7-4D87-4161-9E0A-9108240722B0}
		{EB7AE65D-2B0B-473B-84D7-809B4D2334F1} = {5978ACAF-7987-432A-9C86-808DDAE4C03D}
		{E00E56D1-E3EB-4338-9039-91C456E16310} = {82789BC7-4D87-4161-9E0A-9108240722B0}
		{4ADE8F70-ACD6-4996-AB63-75DFA54D5266} = {5978ACAF-7987-432A-9C86-808DDAE4C03D}
	EndGlobalSection
	GlobalSection(ProjectConfigurationPlatforms) = postSolution
		{63E846D8-3E0B-41C5-B5B3-C2232F845985}.Debug|Any CPU.ActiveCfg = Debug|Any CPU
		{63E846D8-3E0B-41C5-B5B3-C2232F845985}.Debug|Any CPU.Build.0 = Debug|Any CPU
		{63E846D8-3E0B-41C5-B5B3-C2232F845985}.Release|Any CPU.ActiveCfg = Release|Any CPU
		{63E846D8-3E0B-41C5-B5B3-C2232F845985}.Release|Any CPU.Build.0 = Release|Any CPU
		{EB7AE65D-2B0B-473B-84D7-809B4D2334F1}.Debug|Any CPU.ActiveCfg = Debug|Any CPU
		{EB7AE65D-2B0B-473B-84D7-809B4D2334F1}.Debug|Any CPU.Build.0 = Debug|Any CPU
		{EB7AE65D-2B0B-473B-84D7-809B4D2334F1}.Release|Any CPU.ActiveCfg = Release|Any CPU
		{EB7AE65D-2B0B-473B-84D7-809B4D2334F1}.Release|Any CPU.Build.0 = Release|Any CPU
		{E00E56D1-E3EB-4338-9039-91C456E16310}.Debug|Any CPU.ActiveCfg = Debug|Any CPU
		{E00E56D1-E3EB-4338-9039-91C456E16310}.Debug|Any CPU.Build.0 = Debug|Any CPU
		{E00E56D1-E3EB-4338-9039-91C456E16310}.Release|Any CPU.ActiveCfg = Release|Any CPU
		{E00E56D1-E3EB-4338-9039-91C456E16310}.Release|Any CPU.Build.0 = Release|Any CPU
		{4ADE8F70-ACD6-4996-AB63-75DFA54D5266}.Debug|Any CPU.ActiveCfg = Debug|Any CPU
		{4ADE8F70-ACD6-4996-AB63-75DFA54D5266}.Debug|Any CPU.Build.0 = Debug|Any CPU
		{4ADE8F70-ACD6-4996-AB63-75DFA54D5266}.Release|Any CPU.ActiveCfg = Release|Any CPU
		{4ADE8F70-ACD6-4996-AB63-75DFA54D5266}.Release|Any CPU.Build.0 = Release|Any CPU
	EndGlobalSection
EndGlobal
